
Microsoft Visual Studio Solution File, Format Version 12.00
# Visual Studio Version 16
VisualStudioVersion = 16.0.32106.194
MinimumVisualStudioVersion = 10.0.40219.1
Project("{FAE04EC0-301F-11D3-BF4B-00C04F79EFBC}") = "DefiningClasses", "DefiningClasses\DefiningClasses.csproj", "{FFD5FAAA-3650-42B9-81D6-7A65A250C8FC}"
EndProject
Project("{FAE04EC0-301F-11D3-BF4B-00C04F79EFBC}") = "SoftUniParking", "SoftUniParking\SoftUniParking.csproj", "{678CD239-06AB-46E8-9C61-7F3D419965F3}"
EndProject
Global
	GlobalSection(SolutionConfigurationPlatforms) = preSolution
		Debug|Any CPU = Debug|Any CPU
		Release|Any CPU = Release|Any CPU
	EndGlobalSection
	GlobalSection(ProjectConfigurationPlatforms) = postSolution
		{FFD5FAAA-3650-42B9-81D6-7A65A250C8FC}.Debug|Any CPU.ActiveCfg = Debug|Any CPU
		{FFD5FAAA-3650-42B9-81D6-7A65A250C8FC}.Debug|Any CPU.Build.0 = Debug|Any CPU
		{FFD5FAAA-3650-42B9-81D6-7A65A250C8FC}.Release|Any CPU.ActiveCfg = Release|Any CPU
		{FFD5FAAA-3650-42B9-81D6-7A65A250C8FC}.Release|Any CPU.Build.0 = Release|Any CPU
		{678CD239-06AB-46E8-9C61-7F3D419965F3}.Debug|Any CPU.ActiveCfg = Debug|Any CPU
		{678CD239-06AB-46E8-9C61-7F3D419965F3}.Debug|Any CPU.Build.0 = Debug|Any CPU
		{678CD239-06AB-46E8-9C61-7F3D419965F3}.Release|Any CPU.ActiveCfg = Release|Any CPU
		{678CD239-06AB-46E8-9C61-7F3D419965F3}.Release|Any CPU.Build.0 = Release|Any CPU
	EndGlobalSection
	GlobalSection(SolutionProperties) = preSolution
		HideSolutionNode = FALSE
	EndGlobalSection
	GlobalSection(ExtensibilityGlobals) = postSolution
		SolutionGuid = {3B7BAC32-0D8A-470C-A515-A9D12B41525B}
	EndGlobalSection
EndGlobal
