
Microsoft Visual Studio Solution File, Format Version 12.00
# Visual Studio Version 16
VisualStudioVersion = 16.0.32106.194
MinimumVisualStudioVersion = 10.0.40219.1
Project("{FAE04EC0-301F-11D3-BF4B-00C04F79EFBC}") = "ListyIterator", "ListyIterator\ListyIterator.csproj", "{50FE714E-7ACF-41EF-A0DB-4FA9F6949527}"
EndProject
Project("{FAE04EC0-301F-11D3-BF4B-00C04F79EFBC}") = "CustomStack", "CustomStack\CustomStack.csproj", "{A69F4786-44B0-4C57-B3FF-FA6C21F5EF7E}"
EndProject
Project("{FAE04EC0-301F-11D3-BF4B-00C04F79EFBC}") = "Froggy", "Froggy\Froggy.csproj", "{CE585822-7119-4E1B-B531-44B69897A4D6}"
EndProject
Project("{FAE04EC0-301F-11D3-BF4B-00C04F79EFBC}") = "CopmaringObjects", "CopmaringObjects\CopmaringObjects.csproj", "{068EA7D6-ABCA-4FE0-B5E8-B5310EE1F462}"
EndProject
Project("{FAE04EC0-301F-11D3-BF4B-00C04F79EFBC}") = "EqualityLogic", "EqualityLogic\EqualityLogic.csproj", "{B8A2DFE9-446F-4E36-A8CA-C200DD9D6DD0}"
EndProject
Project("{FAE04EC0-301F-11D3-BF4B-00C04F79EFBC}") = "CustomCoperator", "CustomCoperator\CustomCoperator.csproj", "{F790C259-BA59-4BC3-8029-F41FE30AC8A2}"
EndProject
Global
	GlobalSection(SolutionConfigurationPlatforms) = preSolution
		Debug|Any CPU = Debug|Any CPU
		Release|Any CPU = Release|Any CPU
	EndGlobalSection
	GlobalSection(ProjectConfigurationPlatforms) = postSolution
		{50FE714E-7ACF-41EF-A0DB-4FA9F6949527}.Debug|Any CPU.ActiveCfg = Debug|Any CPU
		{50FE714E-7ACF-41EF-A0DB-4FA9F6949527}.Debug|Any CPU.Build.0 = Debug|Any CPU
		{50FE714E-7ACF-41EF-A0DB-4FA9F6949527}.Release|Any CPU.ActiveCfg = Release|Any CPU
		{50FE714E-7ACF-41EF-A0DB-4FA9F6949527}.Release|Any CPU.Build.0 = Release|Any CPU
		{A69F4786-44B0-4C57-B3FF-FA6C21F5EF7E}.Debug|Any CPU.ActiveCfg = Debug|Any CPU
		{A69F4786-44B0-4C57-B3FF-FA6C21F5EF7E}.Debug|Any CPU.Build.0 = Debug|Any CPU
		{A69F4786-44B0-4C57-B3FF-FA6C21F5EF7E}.Release|Any CPU.ActiveCfg = Release|Any CPU
		{A69F4786-44B0-4C57-B3FF-FA6C21F5EF7E}.Release|Any CPU.Build.0 = Release|Any CPU
		{CE585822-7119-4E1B-B531-44B69897A4D6}.Debug|Any CPU.ActiveCfg = Debug|Any CPU
		{CE585822-7119-4E1B-B531-44B69897A4D6}.Debug|Any CPU.Build.0 = Debug|Any CPU
		{CE585822-7119-4E1B-B531-44B69897A4D6}.Release|Any CPU.ActiveCfg = Release|Any CPU
		{CE585822-7119-4E1B-B531-44B69897A4D6}.Release|Any CPU.Build.0 = Release|Any CPU
		{068EA7D6-ABCA-4FE0-B5E8-B5310EE1F462}.Debug|Any CPU.ActiveCfg = Debug|Any CPU
		{068EA7D6-ABCA-4FE0-B5E8-B5310EE1F462}.Debug|Any CPU.Build.0 = Debug|Any CPU
		{068EA7D6-ABCA-4FE0-B5E8-B5310EE1F462}.Release|Any CPU.ActiveCfg = Release|Any CPU
		{068EA7D6-ABCA-4FE0-B5E8-B5310EE1F462}.Release|Any CPU.Build.0 = Release|Any CPU
		{B8A2DFE9-446F-4E36-A8CA-C200DD9D6DD0}.Debug|Any CPU.ActiveCfg = Debug|Any CPU
		{B8A2DFE9-446F-4E36-A8CA-C200DD9D6DD0}.Debug|Any CPU.Build.0 = Debug|Any CPU
		{B8A2DFE9-446F-4E36-A8CA-C200DD9D6DD0}.Release|Any CPU.ActiveCfg = Release|Any CPU
		{B8A2DFE9-446F-4E36-A8CA-C200DD9D6DD0}.Release|Any CPU.Build.0 = Release|Any CPU
		{F790C259-BA59-4BC3-8029-F41FE30AC8A2}.Debug|Any CPU.ActiveCfg = Debug|Any CPU
		{F790C259-BA59-4BC3-8029-F41FE30AC8A2}.Debug|Any CPU.Build.0 = Debug|Any CPU
		{F790C259-BA59-4BC3-8029-F41FE30AC8A2}.Release|Any CPU.ActiveCfg = Release|Any CPU
		{F790C259-BA59-4BC3-8029-F41FE30AC8A2}.Release|Any CPU.Build.0 = Release|Any CPU
	EndGlobalSection
	GlobalSection(SolutionProperties) = preSolution
		HideSolutionNode = FALSE
	EndGlobalSection
	GlobalSection(ExtensibilityGlobals) = postSolution
		SolutionGuid = {C7D1CC69-590D-4AFA-A969-7EA5B5212C0E}
	EndGlobalSection
EndGlobal
