
Microsoft Visual Studio Solution File, Format Version 12.00
# Visual Studio Version 16
VisualStudioVersion = 16.0.32106.194
MinimumVisualStudioVersion = 10.0.40219.1
Project("{FAE04EC0-301F-11D3-BF4B-00C04F79EFBC}") = "BoxOfT", "BoxOfT\BoxOfT.csproj", "{00BEC0AF-A9F0-4E78-8B0D-F69513F59785}"
EndProject
Project("{FAE04EC0-301F-11D3-BF4B-00C04F79EFBC}") = "GenericArrayCreator", "GenericArrayCreator\GenericArrayCreator.csproj", "{98C5AE23-D851-430D-A390-8675097ADD90}"
EndProject
Project("{FAE04EC0-301F-11D3-BF4B-00C04F79EFBC}") = "GenericScale", "GenericScale\GenericScale.csproj", "{B996E3E8-9228-4A13-B057-14D80F03B4EF}"
EndProject
Global
	GlobalSection(SolutionConfigurationPlatforms) = preSolution
		Debug|Any CPU = Debug|Any CPU
		Release|Any CPU = Release|Any CPU
	EndGlobalSection
	GlobalSection(ProjectConfigurationPlatforms) = postSolution
		{00BEC0AF-A9F0-4E78-8B0D-F69513F59785}.Debug|Any CPU.ActiveCfg = Debug|Any CPU
		{00BEC0AF-A9F0-4E78-8B0D-F69513F59785}.Debug|Any CPU.Build.0 = Debug|Any CPU
		{00BEC0AF-A9F0-4E78-8B0D-F69513F59785}.Release|Any CPU.ActiveCfg = Release|Any CPU
		{00BEC0AF-A9F0-4E78-8B0D-F69513F59785}.Release|Any CPU.Build.0 = Release|Any CPU
		{98C5AE23-D851-430D-A390-8675097ADD90}.Debug|Any CPU.ActiveCfg = Debug|Any CPU
		{98C5AE23-D851-430D-A390-8675097ADD90}.Debug|Any CPU.Build.0 = Debug|Any CPU
		{98C5AE23-D851-430D-A390-8675097ADD90}.Release|Any CPU.ActiveCfg = Release|Any CPU
		{98C5AE23-D851-430D-A390-8675097ADD90}.Release|Any CPU.Build.0 = Release|Any CPU
		{B996E3E8-9228-4A13-B057-14D80F03B4EF}.Debug|Any CPU.ActiveCfg = Debug|Any CPU
		{B996E3E8-9228-4A13-B057-14D80F03B4EF}.Debug|Any CPU.Build.0 = Debug|Any CPU
		{B996E3E8-9228-4A13-B057-14D80F03B4EF}.Release|Any CPU.ActiveCfg = Release|Any CPU
		{B996E3E8-9228-4A13-B057-14D80F03B4EF}.Release|Any CPU.Build.0 = Release|Any CPU
	EndGlobalSection
	GlobalSection(SolutionProperties) = preSolution
		HideSolutionNode = FALSE
	EndGlobalSection
	GlobalSection(ExtensibilityGlobals) = postSolution
		SolutionGuid = {CCE94549-81A5-49A3-B37F-14EC58292C4A}
	EndGlobalSection
EndGlobal
